
Microsoft Visual Studio Solution File, Format Version 12.00
Project("{FAE04EC0-301F-11D3-BF4B-00C04F79EFBC}") = "InMemoryCache.Api", "InMemoryCache.Api\InMemoryCache.Api.csproj", "{ECD7D094-D420-4105-A51B-6F06B1EECDD7}"
EndProject
Project("{FAE04EC0-301F-11D3-BF4B-00C04F79EFBC}") = "StackExchangeRedis.Api", "StackExchangeRedis.Api\StackExchangeRedis.Api.csproj", "{48FD48ED-9883-4F1C-B45F-37CA4DB837E9}"
EndProject
Project("{FAE04EC0-301F-11D3-BF4B-00C04F79EFBC}") = "DistributedCache.Api", "DistributedCache.Api\DistributedCache.Api.csproj", "{E64325EF-748A-40C4-8FD9-6EB37DEB4557}"
EndProject
Global
	GlobalSection(SolutionConfigurationPlatforms) = preSolution
		Debug|Any CPU = Debug|Any CPU
		Release|Any CPU = Release|Any CPU
	EndGlobalSection
	GlobalSection(ProjectConfigurationPlatforms) = postSolution
		{ECD7D094-D420-4105-A51B-6F06B1EECDD7}.Debug|Any CPU.ActiveCfg = Debug|Any CPU
		{ECD7D094-D420-4105-A51B-6F06B1EECDD7}.Debug|Any CPU.Build.0 = Debug|Any CPU
		{ECD7D094-D420-4105-A51B-6F06B1EECDD7}.Release|Any CPU.ActiveCfg = Release|Any CPU
		{ECD7D094-D420-4105-A51B-6F06B1EECDD7}.Release|Any CPU.Build.0 = Release|Any CPU
		{48FD48ED-9883-4F1C-B45F-37CA4DB837E9}.Debug|Any CPU.ActiveCfg = Debug|Any CPU
		{48FD48ED-9883-4F1C-B45F-37CA4DB837E9}.Debug|Any CPU.Build.0 = Debug|Any CPU
		{48FD48ED-9883-4F1C-B45F-37CA4DB837E9}.Release|Any CPU.ActiveCfg = Release|Any CPU
		{48FD48ED-9883-4F1C-B45F-37CA4DB837E9}.Release|Any CPU.Build.0 = Release|Any CPU
		{E64325EF-748A-40C4-8FD9-6EB37DEB4557}.Debug|Any CPU.ActiveCfg = Debug|Any CPU
		{E64325EF-748A-40C4-8FD9-6EB37DEB4557}.Debug|Any CPU.Build.0 = Debug|Any CPU
		{E64325EF-748A-40C4-8FD9-6EB37DEB4557}.Release|Any CPU.ActiveCfg = Release|Any CPU
		{E64325EF-748A-40C4-8FD9-6EB37DEB4557}.Release|Any CPU.Build.0 = Release|Any CPU
	EndGlobalSection
EndGlobal
